
Microsoft Visual Studio Solution File, Format Version 12.00
# Visual Studio Version 17
VisualStudioVersion = 17.5.002.0
MinimumVisualStudioVersion = 10.0.40219.1
Project("{9A19103F-16F7-4668-BE54-9A1E7A4F7556}") = "datesTimes", "datesTimes\datesTimes.csproj", "{FEDB6290-F3F4-427D-890F-5D4EF5A3EE57}"
EndProject
Global
	GlobalSection(SolutionConfigurationPlatforms) = preSolution
		Debug|Any CPU = Debug|Any CPU
		Release|Any CPU = Release|Any CPU
	EndGlobalSection
	GlobalSection(ProjectConfigurationPlatforms) = postSolution
		{FEDB6290-F3F4-427D-890F-5D4EF5A3EE57}.Debug|Any CPU.ActiveCfg = Debug|Any CPU
		{FEDB6290-F3F4-427D-890F-5D4EF5A3EE57}.Debug|Any CPU.Build.0 = Debug|Any CPU
		{FEDB6290-F3F4-427D-890F-5D4EF5A3EE57}.Release|Any CPU.ActiveCfg = Release|Any CPU
		{FEDB6290-F3F4-427D-890F-5D4EF5A3EE57}.Release|Any CPU.Build.0 = Release|Any CPU
	EndGlobalSection
	GlobalSection(SolutionProperties) = preSolution
		HideSolutionNode = FALSE
	EndGlobalSection
	GlobalSection(ExtensibilityGlobals) = postSolution
		SolutionGuid = {8363E9C3-E6F8-480B-9C79-E7855BC4D092}
	EndGlobalSection
EndGlobal
